
Microsoft Visual Studio Solution File, Format Version 12.00
# Visual Studio Version 17
VisualStudioVersion = 17.10.35013.160
MinimumVisualStudioVersion = 10.0.40219.1
Project("{FAE04EC0-301F-11D3-BF4B-00C04F79EFBC}") = "CoreWebApp_2_4", "CoreWebApp_2_4\CoreWebApp_2_4.csproj", "{702EE2BF-366C-4E39-B4F3-BEC0791CC246}"
EndProject
Project("{FAE04EC0-301F-11D3-BF4B-00C04F79EFBC}") = "CoreWebApp_2_4.Models", "CoreWebApp_2_4.Models\CoreWebApp_2_4.Models.csproj", "{FBE2B293-56F4-45EF-8E00-2CB26949274F}"
EndProject
Project("{FAE04EC0-301F-11D3-BF4B-00C04F79EFBC}") = "CoreWebApp_2_4.DataAccess", "CoreWebApp_2_4.DataAccess\CoreWebApp_2_4.DataAccess.csproj", "{44FDA94F-0B86-49AE-83AC-18BA1D48955D}"
EndProject
Global
	GlobalSection(SolutionConfigurationPlatforms) = preSolution
		Debug|Any CPU = Debug|Any CPU
		Release|Any CPU = Release|Any CPU
	EndGlobalSection
	GlobalSection(ProjectConfigurationPlatforms) = postSolution
		{702EE2BF-366C-4E39-B4F3-BEC0791CC246}.Debug|Any CPU.ActiveCfg = Debug|Any CPU
		{702EE2BF-366C-4E39-B4F3-BEC0791CC246}.Debug|Any CPU.Build.0 = Debug|Any CPU
		{702EE2BF-366C-4E39-B4F3-BEC0791CC246}.Release|Any CPU.ActiveCfg = Release|Any CPU
		{702EE2BF-366C-4E39-B4F3-BEC0791CC246}.Release|Any CPU.Build.0 = Release|Any CPU
		{FBE2B293-56F4-45EF-8E00-2CB26949274F}.Debug|Any CPU.ActiveCfg = Debug|Any CPU
		{FBE2B293-56F4-45EF-8E00-2CB26949274F}.Debug|Any CPU.Build.0 = Debug|Any CPU
		{FBE2B293-56F4-45EF-8E00-2CB26949274F}.Release|Any CPU.ActiveCfg = Release|Any CPU
		{FBE2B293-56F4-45EF-8E00-2CB26949274F}.Release|Any CPU.Build.0 = Release|Any CPU
		{44FDA94F-0B86-49AE-83AC-18BA1D48955D}.Debug|Any CPU.ActiveCfg = Debug|Any CPU
		{44FDA94F-0B86-49AE-83AC-18BA1D48955D}.Debug|Any CPU.Build.0 = Debug|Any CPU
		{44FDA94F-0B86-49AE-83AC-18BA1D48955D}.Release|Any CPU.ActiveCfg = Release|Any CPU
		{44FDA94F-0B86-49AE-83AC-18BA1D48955D}.Release|Any CPU.Build.0 = Release|Any CPU
	EndGlobalSection
	GlobalSection(SolutionProperties) = preSolution
		HideSolutionNode = FALSE
	EndGlobalSection
	GlobalSection(ExtensibilityGlobals) = postSolution
		SolutionGuid = {12E06E9D-F8F6-47FE-8B9D-41D18B621800}
	EndGlobalSection
EndGlobal
